Microsoft Visual Studio Solution File, Format Version 12.00
# Visual Studio Version 17
VisualStudioVersion = 17.7.34031.279
MinimumVisualStudioVersion = 10.0.40219.1
Project("{9A19103F-16F7-4668-BE54-9A1E7A4F7556}") = "HacknetArchipelago", "HacknetArchipelago.csproj", "{647A1538-C5E5-4059-A37C-D3E44A25DA47}"
EndProject
Global
	GlobalSection(SolutionConfigurationPlatforms) = preSolution
		Debug|Any CPU = Debug|Any CPU
		Debug|x86 = Debug|x86
		Release|Any CPU = Release|Any CPU
		Release|x86 = Release|x86
	EndGlobalSection
	GlobalSection(ProjectConfigurationPlatforms) = postSolution
		{647A1538-C5E5-4059-A37C-D3E44A25DA47}.Debug|Any CPU.ActiveCfg = Debug|Any CPU
		{647A1538-C5E5-4059-A37C-D3E44A25DA47}.Debug|Any CPU.Build.0 = Debug|Any CPU
		{647A1538-C5E5-4059-A37C-D3E44A25DA47}.Debug|x86.ActiveCfg = Debug|x86
		{647A1538-C5E5-4059-A37C-D3E44A25DA47}.Debug|x86.Build.0 = Debug|x86
		{647A1538-C5E5-4059-A37C-D3E44A25DA47}.Release|Any CPU.ActiveCfg = Release|Any CPU
		{647A1538-C5E5-4059-A37C-D3E44A25DA47}.Release|Any CPU.Build.0 = Release|Any CPU
		{647A1538-C5E5-4059-A37C-D3E44A25DA47}.Release|x86.ActiveCfg = Release|x86
		{647A1538-C5E5-4059-A37C-D3E44A25DA47}.Release|x86.Build.0 = Release|x86
	EndGlobalSection
	GlobalSection(SolutionProperties) = preSolution
		HideSolutionNode = FALSE
	EndGlobalSection
	GlobalSection(ExtensibilityGlobals) = postSolution
		SolutionGuid = {C9ECF74F-3EE0-4890-A07F-28299BA67F67}
	EndGlobalSection
EndGlobal
